
Microsoft Visual Studio Solution File, Format Version 12.00
# Visual Studio 2013
VisualStudioVersion = 12.0.31101.0
MinimumVisualStudioVersion = 10.0.40219.1
Project("{FAE04EC0-301F-11D3-BF4B-00C04F79EFBC}") = "json2ts", "json2ts\json2ts.csproj", "{32095006-378B-4FA5-A935-5E6FFDBB2F13}"
EndProject
Project("{2150E333-8FDC-42A3-9474-1A3956D46DE8}") = ".nuget", ".nuget", "{0DDC02DB-A76E-4CC4-9D7A-37B33AEC80DB}"
	ProjectSection(SolutionItems) = preProject
		.nuget\packages.config = .nuget\packages.config
	EndProjectSection
EndProject
Project("{FAE04EC0-301F-11D3-BF4B-00C04F79EFBC}") = "json2ts.Tests", "json2ts.Tests\json2ts.Tests.csproj", "{57D6FB2E-27FF-4BB5-B681-A25085738992}"
EndProject
Global
	GlobalSection(TeamFoundationVersionControl) = preSolution
		SccNumberOfProjects = 3
		SccEnterpriseProvider = {4CA58AB2-18FA-4F8D-95D4-32DDF27D184C}
		SccTeamFoundationServer = https://sorskoot.visualstudio.com/defaultcollection
		SccLocalPath0 = .
		SccProjectUniqueName1 = json2ts\\json2ts.csproj
		SccProjectName1 = json2ts
		SccLocalPath1 = json2ts
		SccProjectUniqueName2 = json2ts.Tests\\json2ts.Tests.csproj
		SccProjectName2 = json2ts.Tests
		SccLocalPath2 = json2ts.Tests
	EndGlobalSection
	GlobalSection(SolutionConfigurationPlatforms) = preSolution
		Debug|Any CPU = Debug|Any CPU
		Release|Any CPU = Release|Any CPU
	EndGlobalSection
	GlobalSection(ProjectConfigurationPlatforms) = postSolution
		{32095006-378B-4FA5-A935-5E6FFDBB2F13}.Debug|Any CPU.ActiveCfg = Debug|Any CPU
		{32095006-378B-4FA5-A935-5E6FFDBB2F13}.Debug|Any CPU.Build.0 = Debug|Any CPU
		{32095006-378B-4FA5-A935-5E6FFDBB2F13}.Release|Any CPU.ActiveCfg = Release|Any CPU
		{32095006-378B-4FA5-A935-5E6FFDBB2F13}.Release|Any CPU.Build.0 = Release|Any CPU
		{57D6FB2E-27FF-4BB5-B681-A25085738992}.Debug|Any CPU.ActiveCfg = Debug|Any CPU
		{57D6FB2E-27FF-4BB5-B681-A25085738992}.Debug|Any CPU.Build.0 = Debug|Any CPU
		{57D6FB2E-27FF-4BB5-B681-A25085738992}.Release|Any CPU.ActiveCfg = Release|Any CPU
		{57D6FB2E-27FF-4BB5-B681-A25085738992}.Release|Any CPU.Build.0 = Release|Any CPU
	EndGlobalSection
	GlobalSection(SolutionProperties) = preSolution
		HideSolutionNode = FALSE
	EndGlobalSection
EndGlobal
